{
  "version": 4,
  "terraform_version": "0.13.4",
  "serial": 206,
  "lineage": "475935e1-a0b9-4776-8f4b-65ee7da4257f",
  "outputs": {},
  "resources": [
    {
      "module": "module.nat",
      "mode": "managed",
      "type": "aws_eip",
      "name": "nat_gw_eip",
      "provider": "provider[\"registry.terraform.io/hashicorp/aws\"]",
      "instances": [
        {
          "schema_version": 0,
          "attributes": {
            "allocation_id": null,
            "associate_with_private_ip": null,
            "association_id": "eipassoc-036f861a2def54ccb",
            "customer_owned_ip": "",
            "customer_owned_ipv4_pool": "",
            "domain": "vpc",
            "id": "eipalloc-0d53db2001068354b",
            "instance": "",
            "network_interface": "eni-015b736b5282d1a13",
            "private_dns": "ip-10-0-0-232.eu-west-1.compute.internal",
            "private_ip": "10.0.0.232",
            "public_dns": "ec2-54-155-115-117.eu-west-1.compute.amazonaws.com",
            "public_ip": "54.155.115.117",
            "public_ipv4_pool": "amazon",
            "tags": {},
            "timeouts": null,
            "vpc": true
          }
        }
      ]
    }
  ]
}
